# requirements.lock — Versions exactes pinnées (P2-3 / V3-08)
#
# Généré depuis : docker compose run --rm --no-deps --entrypoint pip mcp-vault freeze
# Date : 2026-03-26
# Image : python:3.12-slim@sha256:3d5ed973e45820f5ba5e46bd065bd88b3a504ff0724d85980dcd05eab361fcf4
#
# Ce fichier garantit des builds reproductibles et protège contre
# les attaques supply chain (typosquatting, version hijacking).
#
# Usage :
#   pip install --no-cache-dir -r requirements.lock
#
# Pour mettre à jour :
#   1. Modifier requirements.txt (dépendances avec bornes >= )
#   2. Rebuild l'image Docker
#   3. Exécuter : docker compose run --rm --no-deps --entrypoint pip mcp-vault freeze > requirements.lock
#   4. Ajouter ce header et vérifier les versions

# --- MCP Framework ---
mcp==1.26.0
httpx-sse==0.4.3
sse-starlette==3.3.3
starlette==1.0.0

# --- Configuration ---
pydantic==2.12.5
pydantic-settings==2.13.1
pydantic_core==2.41.5

# --- S3 (Token Store + Vault Storage Sync) ---
boto3==1.42.73
botocore==1.42.73
s3transfer==0.16.0
jmespath==1.1.0

# --- OpenBao client (compatible Vault API) ---
hvac==2.4.0
requests==2.32.5

# --- Crypto (chiffrement clés unseal — Option C) ---
cryptography==46.0.5
cffi==2.0.0
pycparser==3.0

# --- HTTP client (health checks, CLI) ---
httpx==0.28.1
httpcore==1.0.9
h11==0.16.0

# --- ASGI ---
uvicorn==0.42.0
uvloop==0.22.1
httptools==0.7.1
watchfiles==1.1.1
websockets==16.0
python-multipart==0.0.22

# --- CLI ---
click==8.3.1
rich==14.3.3
prompt_toolkit==3.0.52
python-dotenv==1.2.2

# --- Common dependencies ---
anyio==4.12.1
annotated-types==0.7.0
attrs==26.1.0
certifi==2026.2.25
charset-normalizer==3.4.6
idna==3.11
markdown-it-py==4.0.0
mdurl==0.1.2
packaging==26.0
Pygments==2.19.2
PyYAML==6.0.3
referencing==0.37.0
rpds-py==0.30.0
six==1.17.0
typing-inspection==0.4.2
typing_extensions==4.15.0
urllib3==2.6.3
wcwidth==0.6.0

# --- JSON Schema (transitive) ---
jsonschema==4.26.0
jsonschema-specifications==2025.9.1

# --- Auth (transitive) ---
PyJWT==2.12.1

# --- Typer/Shell (transitive) ---
typer==0.24.1
shellingham==1.5.4

# --- Annotation (transitive) ---
annotated-doc==0.0.4

# NOTE: Les dépendances de test (pytest, pytest-asyncio) sont dans
# le stage Docker "test" uniquement, pas dans l'image de production.
# Voir requirements.txt pour les bornes >= et Dockerfile stage 3.
